PODS:
  - TJJupiterVMSDK (1.0.14)

DEPENDENCIES:
  - TJJupiterVMSDK (= 1.0.14)

SPEC REPOS:
  https://github.com/CocoaPods/Specs.git:
    - TJJupiterVMSDK

SPEC CHECKSUMS:
  TJJupiterVMSDK: 2ebc98e6711412d6ce5713f76f5c0b9c3955de4c

PODFILE CHECKSUM: 8a6710fcb1c80722ef97574c1e1cbb0f80fdc813

COCOAPODS: 1.16.2
