PODS:
  - TJJupiterVMSDK (1.0.3)

DEPENDENCIES:
  - TJJupiterVMSDK (= 1.0.3)

SPEC REPOS:
  https://github.com/CocoaPods/Specs.git:
    - TJJupiterVMSDK

SPEC CHECKSUMS:
  TJJupiterVMSDK: b40b91832110ff53c9a3fdd02911bbffbbfaa0d8

PODFILE CHECKSUM: ed7dcfa620d144896720ba591f2cb83ca7a36543

COCOAPODS: 1.16.2
