PODS:
  - TJJupiterVMSDK (1.0.23)

DEPENDENCIES:
  - TJJupiterVMSDK (= 1.0.23)

SPEC REPOS:
  https://github.com/CocoaPods/Specs.git:
    - TJJupiterVMSDK

SPEC CHECKSUMS:
  TJJupiterVMSDK: 15a24d91c6a0ebfa12194d1cd6fce03aaec6d1ea

PODFILE CHECKSUM: c38bb7ea70cfcafe9050ffe51c0bd49f9f44c3c6

COCOAPODS: 1.16.2
