// !$*UTF8*$!
{
	archiveVersion = 1;
	classes = {
	};
	objectVersion = 77;
	objects = {

/* Begin PBXContainerItemProxy section */
		B34313C02FA346AE0059A6E9 /* PBXContainerItemProxy */ = {
			isa = PBXContainerItemProxy;
			containerPortal = B34313A12FA346AC0059A6E9 /* Project object */;
			proxyType = 1;
			remoteGlobalIDString = B34313A82FA346AC0059A6E9;
			remoteInfo = TJJupiterVMDemo;
		};
		B34313CA2FA346AE0059A6E9 /* PBXContainerItemProxy */ = {
			isa = PBXContainerItemProxy;
			containerPortal = B34313A12FA346AC0059A6E9 /* Project object */;
			proxyType = 1;
			remoteGlobalIDString = B34313A82FA346AC0059A6E9;
			remoteInfo = TJJupiterVMDemo;
		};
/* End PBXContainerItemProxy section */

/* Begin PBXFileReference section */
		B34313A92FA346AC0059A6E9 /* TJJupiterVMDemo.app */ = {isa = PBXFileReference; explicitFileType = wrapper.application; includeInIndex = 0; path = TJJupiterVMDemo.app; sourceTree = BUILT_PRODUCTS_DIR; };
		B34313BF2FA346AE0059A6E9 /* TJJupiterVMDemoTests.xctest */ = {isa = PBXFileReference; explicitFileType = wrapper.cfbundle; includeInIndex = 0; path = TJJupiterVMDemoTests.xctest; sourceTree = BUILT_PRODUCTS_DIR; };
		B34313C92FA346AE0059A6E9 /* TJJupiterVMDemoUITests.xctest */ = {isa = PBXFileReference; explicitFileType = wrapper.cfbundle; includeInIndex = 0; path = TJJupiterVMDemoUITests.xctest; sourceTree = BUILT_PRODUCTS_DIR; };
/* End PBXFileReference section */

/* Begin PBXFileSystemSynchronizedBuildFileExceptionSet section */
		B34313D12FA346AE0059A6E9 /* Exceptions for "TJJupiterVMDemo" folder in "TJJupiterVMDemo" target */ = {
			isa = PBXFileSystemSynchronizedBuildFileExceptionSet;
			membershipExceptions = (
				Info.plist,
			);
			target = B34313A82FA346AC0059A6E9 /* TJJupiterVMDemo */;
		};
/* End PBXFileSystemSynchronizedBuildFileExceptionSet section */

/* Begin PBXFileSystemSynchronizedRootGroup section */
		B34313AB2FA346AC0059A6E9 /* TJJupiterVMDemo */ = {
			isa = PBXFileSystemSynchronizedRootGroup;
			exceptions = (
				B34313D12FA346AE0059A6E9 /* Exceptions for "TJJupiterVMDemo" folder in "TJJupiterVMDemo" target */,
			);
			path = TJJupiterVMDemo;
			sourceTree = "<group>";
		};
		B34313C22FA346AE0059A6E9 /* TJJupiterVMDemoTests */ = {
			isa = PBXFileSystemSynchronizedRootGroup;
			path = TJJupiterVMDemoTests;
			sourceTree = "<group>";
		};
		B34313CC2FA346AE0059A6E9 /* TJJupiterVMDemoUITests */ = {
			isa = PBXFileSystemSynchronizedRootGroup;
			path = TJJupiterVMDemoUITests;
			sourceTree = "<group>";
		};
/* End PBXFileSystemSynchronizedRootGroup section */

/* Begin PBXFrameworksBuildPhase section */
		B34313A62FA346AC0059A6E9 /* Frameworks */ = {
			isa = PBXFrameworksBuildPhase;
			buildActionMask = 2147483647;
			files = (
			);
			runOnlyForDeploymentPostprocessing = 0;
		};
		B34313BC2FA346AE0059A6E9 /* Frameworks */ = {
			isa = PBXFrameworksBuildPhase;
			buildActionMask = 2147483647;
			files = (
			);
			runOnlyForDeploymentPostprocessing = 0;
		};
		B34313C62FA346AE0059A6E9 /* Frameworks */ = {
			isa = PBXFrameworksBuildPhase;
			buildActionMask = 2147483647;
			files = (
			);
			runOnlyForDeploymentPostprocessing = 0;
		};
/* End PBXFrameworksBuildPhase section */

/* Begin PBXGroup section */
		B34313A02FA346AC0059A6E9 = {
			isa = PBXGroup;
			children = (
				B34313AB2FA346AC0059A6E9 /* TJJupiterVMDemo */,
				B34313C22FA346AE0059A6E9 /* TJJupiterVMDemoTests */,
				B34313CC2FA346AE0059A6E9 /* TJJupiterVMDemoUITests */,
				B34313AA2FA346AC0059A6E9 /* Products */,
			);
			sourceTree = "<group>";
		};
		B34313AA2FA346AC0059A6E9 /* Products */ = {
			isa = PBXGroup;
			children = (
				B34313A92FA346AC0059A6E9 /* TJJupiterVMDemo.app */,
				B34313BF2FA346AE0059A6E9 /* TJJupiterVMDemoTests.xctest */,
				B34313C92FA346AE0059A6E9 /* TJJupiterVMDemoUITests.xctest */,
			);
			name = Products;
			sourceTree = "<group>";
		};
/* End PBXGroup section */

/* Begin PBXNativeTarget section */
		B34313A82FA346AC0059A6E9 /* TJJupiterVMDemo */ = {
			isa = PBXNativeTarget;
			buildConfigurationList = B34313D22FA346AE0059A6E9 /* Build configuration list for PBXNativeTarget "TJJupiterVMDemo" */;
			buildPhases = (
				B34313A52FA346AC0059A6E9 /* Sources */,
				B34313A62FA346AC0059A6E9 /* Frameworks */,
				B34313A72FA346AC0059A6E9 /* Resources */,
			);
			buildRules = (
			);
			dependencies = (
			);
			fileSystemSynchronizedGroups = (
				B34313AB2FA346AC0059A6E9 /* TJJupiterVMDemo */,
			);
			name = TJJupiterVMDemo;
			packageProductDependencies = (
			);
			productName = TJJupiterVMDemo;
			productReference = B34313A92FA346AC0059A6E9 /* TJJupiterVMDemo.app */;
			productType = "com.apple.product-type.application";
		};
		B34313BE2FA346AE0059A6E9 /* TJJupiterVMDemoTests */ = {
			isa = PBXNativeTarget;
			buildConfigurationList = B34313D72FA346AE0059A6E9 /* Build configuration list for PBXNativeTarget "TJJupiterVMDemoTests" */;
			buildPhases = (
				B34313BB2FA346AE0059A6E9 /* Sources */,
				B34313BC2FA346AE0059A6E9 /* Frameworks */,
				B34313BD2FA346AE0059A6E9 /* Resources */,
			);
			buildRules = (
			);
			dependencies = (
				B34313C12FA346AE0059A6E9 /* PBXTargetDependency */,
			);
			fileSystemSynchronizedGroups = (
				B34313C22FA346AE0059A6E9 /* TJJupiterVMDemoTests */,
			);
			name = TJJupiterVMDemoTests;
			packageProductDependencies = (
			);
			productName = TJJupiterVMDemoTests;
			productReference = B34313BF2FA346AE0059A6E9 /* TJJupiterVMDemoTests.xctest */;
			productType = "com.apple.product-type.bundle.unit-test";
		};
		B34313C82FA346AE0059A6E9 /* TJJupiterVMDemoUITests */ = {
			isa = PBXNativeTarget;
			buildConfigurationList = B34313DA2FA346AE0059A6E9 /* Build configuration list for PBXNativeTarget "TJJupiterVMDemoUITests" */;
			buildPhases = (
				B34313C52FA346AE0059A6E9 /* Sources */,
				B34313C62FA346AE0059A6E9 /* Frameworks */,
				B34313C72FA346AE0059A6E9 /* Resources */,
			);
			buildRules = (
			);
			dependencies = (
				B34313CB2FA346AE0059A6E9 /* PBXTargetDependency */,
			);
			fileSystemSynchronizedGroups = (
				B34313CC2FA346AE0059A6E9 /* TJJupiterVMDemoUITests */,
			);
			name = TJJupiterVMDemoUITests;
			packageProductDependencies = (
			);
			productName = TJJupiterVMDemoUITests;
			productReference = B34313C92FA346AE0059A6E9 /* TJJupiterVMDemoUITests.xctest */;
			productType = "com.apple.product-type.bundle.ui-testing";
		};
/* End PBXNativeTarget section */

/* Begin PBXProject section */
		B34313A12FA346AC0059A6E9 /* Project object */ = {
			isa = PBXProject;
			attributes = {
				BuildIndependentTargetsInParallel = 1;
				LastSwiftUpdateCheck = 2600;
				LastUpgradeCheck = 2600;
				TargetAttributes = {
					B34313A82FA346AC0059A6E9 = {
						CreatedOnToolsVersion = 26.0.1;
					};
					B34313BE2FA346AE0059A6E9 = {
						CreatedOnToolsVersion = 26.0.1;
						TestTargetID = B34313A82FA346AC0059A6E9;
					};
					B34313C82FA346AE0059A6E9 = {
						CreatedOnToolsVersion = 26.0.1;
						TestTargetID = B34313A82FA346AC0059A6E9;
					};
				};
			};
			buildConfigurationList = B34313A42FA346AC0059A6E9 /* Build configuration list for PBXProject "TJJupiterVMDemo" */;
			developmentRegion = en;
			hasScannedForEncodings = 0;
			knownRegions = (
				en,
				Base,
			);
			mainGroup = B34313A02FA346AC0059A6E9;
			minimizedProjectReferenceProxies = 1;
			preferredProjectObjectVersion = 77;
			productRefGroup = B34313AA2FA346AC0059A6E9 /* Products */;
			projectDirPath = "";
			projectRoot = "";
			targets = (
				B34313A82FA346AC0059A6E9 /* TJJupiterVMDemo */,
				B34313BE2FA346AE0059A6E9 /* TJJupiterVMDemoTests */,
				B34313C82FA346AE0059A6E9 /* TJJupiterVMDemoUITests */,
			);
		};
/* End PBXProject section */

/* Begin PBXResourcesBuildPhase section */
		B34313A72FA346AC0059A6E9 /* Resources */ = {
			isa = PBXResourcesBuildPhase;
			buildActionMask = 2147483647;
			files = (
			);
			runOnlyForDeploymentPostprocessing = 0;
		};
		B34313BD2FA346AE0059A6E9 /* Resources */ = {
			isa = PBXResourcesBuildPhase;
			buildActionMask = 2147483647;
			files = (
			);
			runOnlyForDeploymentPostprocessing = 0;
		};
		B34313C72FA346AE0059A6E9 /* Resources */ = {
			isa = PBXResourcesBuildPhase;
			buildActionMask = 2147483647;
			files = (
			);
			runOnlyForDeploymentPostprocessing = 0;
		};
/* End PBXResourcesBuildPhase section */

/* Begin PBXSourcesBuildPhase section */
		B34313A52FA346AC0059A6E9 /* Sources */ = {
			isa = PBXSourcesBuildPhase;
			buildActionMask = 2147483647;
			files = (
			);
			runOnlyForDeploymentPostprocessing = 0;
		};
		B34313BB2FA346AE0059A6E9 /* Sources */ = {
			isa = PBXSourcesBuildPhase;
			buildActionMask = 2147483647;
			files = (
			);
			runOnlyForDeploymentPostprocessing = 0;
		};
		B34313C52FA346AE0059A6E9 /* Sources */ = {
			isa = PBXSourcesBuildPhase;
			buildActionMask = 2147483647;
			files = (
			);
			runOnlyForDeploymentPostprocessing = 0;
		};
/* End PBXSourcesBuildPhase section */

/* Begin PBXTargetDependency section */
		B34313C12FA346AE0059A6E9 /* PBXTargetDependency */ = {
			isa = PBXTargetDependency;
			target = B34313A82FA346AC0059A6E9 /* TJJupiterVMDemo */;
			targetProxy = B34313C02FA346AE0059A6E9 /* PBXContainerItemProxy */;
		};
		B34313CB2FA346AE0059A6E9 /* PBXTargetDependency */ = {
			isa = PBXTargetDependency;
			target = B34313A82FA346AC0059A6E9 /* TJJupiterVMDemo */;
			targetProxy = B34313CA2FA346AE0059A6E9 /* PBXContainerItemProxy */;
		};
/* End PBXTargetDependency section */

/* Begin XCBuildConfiguration section */
		B34313D32FA346AE0059A6E9 /* Debug */ = {
			isa = XCBuildConfiguration;
			buildSettings = {
				ASSETCATALOG_COMPILER_APPICON_NAME = AppIcon;
				ASSETCATALOG_COMPILER_GLOBAL_ACCENT_COLOR_NAME = AccentColor;
				CODE_SIGN_STYLE = Automatic;
				CURRENT_PROJECT_VERSION = 1;
				DEVELOPMENT_TEAM = G75UAV755N;
				GENERATE_INFOPLIST_FILE = YES;
				INFOPLIST_FILE = TJJupiterVMDemo/Info.plist;
				INFOPLIST_KEY_UIApplicationSupportsIndirectInputEvents = YES;
				INFOPLIST_KEY_UILaunchStoryboardName = LaunchScreen;
				INFOPLIST_KEY_UIMainStoryboardFile = Main;
				INFOPLIST_KEY_UISupportedInterfaceOrientations_iPad = "UIInterfaceOrientationPortrait UIInterfaceOrientationPortraitUpsideDown UIInterfaceOrientationLandscapeLeft UIInterfaceOrientationLandscapeRight";
				INFOPLIST_KEY_UISupportedInterfaceOrientations_iPhone = "UIInterfaceOrientationPortrait UIInterfaceOrientationLandscapeLeft UIInterfaceOrientationLandscapeRight";
				LD_RUNPATH_SEARCH_PATHS = (
					"$(inherited)",
					"@executable_path/Frameworks",
				);
				MARKETING_VERSION = 1.0;
				PRODUCT_BUNDLE_IDENTIFIER = com.tjlabscorp.ios.TJJupiterVMDemo;
				PRODUCT_NAME = "$(TARGET_NAME)";
				STRING_CATALOG_GENERATE_SYMBOLS = YES;
				SWIFT_APPROACHABLE_CONCURRENCY = YES;
				SWIFT_DEFAULT_ACTOR_ISOLATION = MainActor;
				SWIFT_EMIT_LOC_STRINGS = YES;
				SWIFT_UPCOMING_FEATURE_MEMBER_IMPORT_VISIBILITY = YES;
				SWIFT_VERSION = 5.0;
				TARGETED_DEVICE_FAMILY = "1,2";
			};
			name = Debug;
		};
		B34313D42FA346AE0059A6E9 /* Release */ = {
			isa = XCBuildConfiguration;
			buildSettings = {
				ASSETCATALOG_COMPILER_APPICON_NAME = AppIcon;
				ASSETCATALOG_COMPILER_GLOBAL_ACCENT_COLOR_NAME = AccentColor;
				CODE_SIGN_STYLE = Automatic;
				CURRENT_PROJECT_VERSION = 1;
				DEVELOPMENT_TEAM = G75UAV755N;
				GENERATE_INFOPLIST_FILE = YES;
				INFOPLIST_FILE = TJJupiterVMDemo/Info.plist;
				INFOPLIST_KEY_UIApplicationSupportsIndirectInputEvents = YES;
				INFOPLIST_KEY_UILaunchStoryboardName = LaunchScreen;
				INFOPLIST_KEY_UIMainStoryboardFile = Main;
				INFOPLIST_KEY_UISupportedInterfaceOrientations_iPad = "UIInterfaceOrientationPortrait UIInterfaceOrientationPortraitUpsideDown UIInterfaceOrientationLandscapeLeft UIInterfaceOrientationLandscapeRight";
				INFOPLIST_KEY_UISupportedInterfaceOrientations_iPhone = "UIInterfaceOrientationPortrait UIInterfaceOrientationLandscapeLeft UIInterfaceOrientationLandscapeRight";
				LD_RUNPATH_SEARCH_PATHS = (
					"$(inherited)",
					"@executable_path/Frameworks",
				);
				MARKETING_VERSION = 1.0;
				PRODUCT_BUNDLE_IDENTIFIER = com.tjlabscorp.ios.TJJupiterVMDemo;
				PRODUCT_NAME = "$(TARGET_NAME)";
				STRING_CATALOG_GENERATE_SYMBOLS = YES;
				SWIFT_APPROACHABLE_CONCURRENCY = YES;
				SWIFT_DEFAULT_ACTOR_ISOLATION = MainActor;
				SWIFT_EMIT_LOC_STRINGS = YES;
				SWIFT_UPCOMING_FEATURE_MEMBER_IMPORT_VISIBILITY = YES;
				SWIFT_VERSION = 5.0;
				TARGETED_DEVICE_FAMILY = "1,2";
			};
			name = Release;
		};
		B34313D52FA346AE0059A6E9 /* Debug */ = {
			isa = XCBuildConfiguration;
			buildSettings = {
				ALWAYS_SEARCH_USER_PATHS = NO;
				ASSETCATALOG_COMPILER_GENERATE_SWIFT_ASSET_SYMBOL_EXTENSIONS = YES;
				CLANG_ANALYZER_NONNULL = YES;
				CLANG_ANALYZER_NUMBER_OBJECT_CONVERSION = YES_AGGRESSIVE;
				CLANG_CXX_LANGUAGE_STANDARD = "gnu++20";
				CLANG_ENABLE_MODULES = YES;
				CLANG_ENABLE_OBJC_ARC = YES;
				CLANG_ENABLE_OBJC_WEAK = YES;
				CLANG_WARN_BLOCK_CAPTURE_AUTORELEASING = YES;
				CLANG_WARN_BOOL_CONVERSION = YES;
				CLANG_WARN_COMMA = YES;
				CLANG_WARN_CONSTANT_CONVERSION = YES;
				CLANG_WARN_DEPRECATED_OBJC_IMPLEMENTATIONS = YES;
				CLANG_WARN_DIRECT_OBJC_ISA_USAGE = YES_ERROR;
				CLANG_WARN_DOCUMENTATION_COMMENTS = YES;
				CLANG_WARN_EMPTY_BODY = YES;
				CLANG_WARN_ENUM_CONVERSION = YES;
				CLANG_WARN_INFINITE_RECURSION = YES;
				CLANG_WARN_INT_CONVERSION = YES;
				CLANG_WARN_NON_LITERAL_NULL_CONVERSION = YES;
				CLANG_WARN_OBJC_IMPLICIT_RETAIN_SELF = YES;
				CLANG_WARN_OBJC_LITERAL_CONVERSION = YES;
				CLANG_WARN_OBJC_ROOT_CLASS = YES_ERROR;
				CLANG_WARN_QUOTED_INCLUDE_IN_FRAMEWORK_HEADER = YES;
				CLANG_WARN_RANGE_LOOP_ANALYSIS = YES;
				CLANG_WARN_STRICT_PROTOTYPES = YES;
				CLANG_WARN_SUSPICIOUS_MOVE = YES;
				CLANG_WARN_UNGUARDED_AVAILABILITY = YES_AGGRESSIVE;
				CLANG_WARN_UNREACHABLE_CODE = YES;
				CLANG_WARN__DUPLICATE_METHOD_MATCH = YES;
				COPY_PHASE_STRIP = NO;
				DEBUG_INFORMATION_FORMAT = dwarf;
				DEVELOPMENT_TEAM = G75UAV755N;
				ENABLE_STRICT_OBJC_MSGSEND = YES;
				ENABLE_TESTABILITY = YES;
				ENABLE_USER_SCRIPT_SANDBOXING = YES;
				GCC_C_LANGUAGE_STANDARD = gnu17;
				GCC_DYNAMIC_NO_PIC = NO;
				GCC_NO_COMMON_BLOCKS = YES;
				GCC_OPTIMIZATION_LEVEL = 0;
				GCC_PREPROCESSOR_DEFINITIONS = (
					"DEBUG=1",
					"$(inherited)",
				);
				GCC_WARN_64_TO_32_BIT_CONVERSION = YES;
				GCC_WARN_ABOUT_RETURN_TYPE = YES_ERROR;
				GCC_WARN_UNDECLARED_SELECTOR = YES;
				GCC_WARN_UNINITIALIZED_AUTOS = YES_AGGRESSIVE;
				GCC_WARN_UNUSED_FUNCTION = YES;
				GCC_WARN_UNUSED_VARIABLE = YES;
				IPHONEOS_DEPLOYMENT_TARGET = 26.0;
				LOCALIZATION_PREFERS_STRING_CATALOGS = YES;
				MTL_ENABLE_DEBUG_INFO = INCLUDE_SOURCE;
				MTL_FAST_MATH = YES;
				ONLY_ACTIVE_ARCH = YES;
				SDKROOT = iphoneos;
				SWIFT_ACTIVE_COMPILATION_CONDITIONS = "DEBUG $(inherited)";
				SWIFT_OPTIMIZATION_LEVEL = "-Onone";
			};
			name = Debug;
		};
		B34313D62FA346AE0059A6E9 /* Release */ = {
			isa = XCBuildConfiguration;
			buildSettings = {
				ALWAYS_SEARCH_USER_PATHS = NO;
				ASSETCATALOG_COMPILER_GENERATE_SWIFT_ASSET_SYMBOL_EXTENSIONS = YES;
				CLANG_ANALYZER_NONNULL = YES;
				CLANG_ANALYZER_NUMBER_OBJECT_CONVERSION = YES_AGGRESSIVE;
				CLANG_CXX_LANGUAGE_STANDARD = "gnu++20";
				CLANG_ENABLE_MODULES = YES;
				CLANG_ENABLE_OBJC_ARC = YES;
				CLANG_ENABLE_OBJC_WEAK = YES;
				CLANG_WARN_BLOCK_CAPTURE_AUTORELEASING = YES;
				CLANG_WARN_BOOL_CONVERSION = YES;
				CLANG_WARN_COMMA = YES;
				CLANG_WARN_CONSTANT_CONVERSION = YES;
				CLANG_WARN_DEPRECATED_OBJC_IMPLEMENTATIONS = YES;
				CLANG_WARN_DIRECT_OBJC_ISA_USAGE = YES_ERROR;
				CLANG_WARN_DOCUMENTATION_COMMENTS = YES;
				CLANG_WARN_EMPTY_BODY = YES;
				CLANG_WARN_ENUM_CONVERSION = YES;
				CLANG_WARN_INFINITE_RECURSION = YES;
				CLANG_WARN_INT_CONVERSION = YES;
				CLANG_WARN_NON_LITERAL_NULL_CONVERSION = YES;
				CLANG_WARN_OBJC_IMPLICIT_RETAIN_SELF = YES;
				CLANG_WARN_OBJC_LITERAL_CONVERSION = YES;
				CLANG_WARN_OBJC_ROOT_CLASS = YES_ERROR;
				CLANG_WARN_QUOTED_INCLUDE_IN_FRAMEWORK_HEADER = YES;
				CLANG_WARN_RANGE_LOOP_ANALYSIS = YES;
				CLANG_WARN_STRICT_PROTOTYPES = YES;
				CLANG_WARN_SUSPICIOUS_MOVE = YES;
				CLANG_WARN_UNGUARDED_AVAILABILITY = YES_AGGRESSIVE;
				CLANG_WARN_UNREACHABLE_CODE = YES;
				CLANG_WARN__DUPLICATE_METHOD_MATCH = YES;
				COPY_PHASE_STRIP = NO;
				DEBUG_INFORMATION_FORMAT = "dwarf-with-dsym";
				DEVELOPMENT_TEAM = G75UAV755N;
				ENABLE_NS_ASSERTIONS = NO;
				ENABLE_STRICT_OBJC_MSGSEND = YES;
				ENABLE_USER_SCRIPT_SANDBOXING = YES;
				GCC_C_LANGUAGE_STANDARD = gnu17;
				GCC_NO_COMMON_BLOCKS = YES;
				GCC_WARN_64_TO_32_BIT_CONVERSION = YES;
				GCC_WARN_ABOUT_RETURN_TYPE = YES_ERROR;
				GCC_WARN_UNDECLARED_SELECTOR = YES;
				GCC_WARN_UNINITIALIZED_AUTOS = YES_AGGRESSIVE;
				GCC_WARN_UNUSED_FUNCTION = YES;
				GCC_WARN_UNUSED_VARIABLE = YES;
				IPHONEOS_DEPLOYMENT_TARGET = 26.0;
				LOCALIZATION_PREFERS_STRING_CATALOGS = YES;
				MTL_ENABLE_DEBUG_INFO = NO;
				MTL_FAST_MATH = YES;
				SDKROOT = iphoneos;
				SWIFT_COMPILATION_MODE = wholemodule;
				VALIDATE_PRODUCT = YES;
			};
			name = Release;
		};
		B34313D82FA346AE0059A6E9 /* Debug */ = {
			isa = XCBuildConfiguration;
			buildSettings = {
				BUNDLE_LOADER = "$(TEST_HOST)";
				CODE_SIGN_STYLE = Automatic;
				CURRENT_PROJECT_VERSION = 1;
				DEVELOPMENT_TEAM = G75UAV755N;
				GENERATE_INFOPLIST_FILE = YES;
				IPHONEOS_DEPLOYMENT_TARGET = 26.0;
				MARKETING_VERSION = 1.0;
				PRODUCT_BUNDLE_IDENTIFIER = com.tjlabscorp.ios.TJJupiterVMDemoTests;
				PRODUCT_NAME = "$(TARGET_NAME)";
				STRING_CATALOG_GENERATE_SYMBOLS = NO;
				SWIFT_APPROACHABLE_CONCURRENCY = YES;
				SWIFT_EMIT_LOC_STRINGS = NO;
				SWIFT_UPCOMING_FEATURE_MEMBER_IMPORT_VISIBILITY = YES;
				SWIFT_VERSION = 5.0;
				TARGETED_DEVICE_FAMILY = "1,2";
				TEST_HOST = "$(BUILT_PRODUCTS_DIR)/TJJupiterVMDemo.app/$(BUNDLE_EXECUTABLE_FOLDER_PATH)/TJJupiterVMDemo";
			};
			name = Debug;
		};
		B34313D92FA346AE0059A6E9 /* Release */ = {
			isa = XCBuildConfiguration;
			buildSettings = {
				BUNDLE_LOADER = "$(TEST_HOST)";
				CODE_SIGN_STYLE = Automatic;
				CURRENT_PROJECT_VERSION = 1;
				DEVELOPMENT_TEAM = G75UAV755N;
				GENERATE_INFOPLIST_FILE = YES;
				IPHONEOS_DEPLOYMENT_TARGET = 26.0;
				MARKETING_VERSION = 1.0;
				PRODUCT_BUNDLE_IDENTIFIER = com.tjlabscorp.ios.TJJupiterVMDemoTests;
				PRODUCT_NAME = "$(TARGET_NAME)";
				STRING_CATALOG_GENERATE_SYMBOLS = NO;
				SWIFT_APPROACHABLE_CONCURRENCY = YES;
				SWIFT_EMIT_LOC_STRINGS = NO;
				SWIFT_UPCOMING_FEATURE_MEMBER_IMPORT_VISIBILITY = YES;
				SWIFT_VERSION = 5.0;
				TARGETED_DEVICE_FAMILY = "1,2";
				TEST_HOST = "$(BUILT_PRODUCTS_DIR)/TJJupiterVMDemo.app/$(BUNDLE_EXECUTABLE_FOLDER_PATH)/TJJupiterVMDemo";
			};
			name = Release;
		};
		B34313DB2FA346AE0059A6E9 /* Debug */ = {
			isa = XCBuildConfiguration;
			buildSettings = {
				CODE_SIGN_STYLE = Automatic;
				CURRENT_PROJECT_VERSION = 1;
				DEVELOPMENT_TEAM = G75UAV755N;
				GENERATE_INFOPLIST_FILE = YES;
				MARKETING_VERSION = 1.0;
				PRODUCT_BUNDLE_IDENTIFIER = com.tjlabscorp.ios.TJJupiterVMDemoUITests;
				PRODUCT_NAME = "$(TARGET_NAME)";
				STRING_CATALOG_GENERATE_SYMBOLS = NO;
				SWIFT_APPROACHABLE_CONCURRENCY = YES;
				SWIFT_EMIT_LOC_STRINGS = NO;
				SWIFT_UPCOMING_FEATURE_MEMBER_IMPORT_VISIBILITY = YES;
				SWIFT_VERSION = 5.0;
				TARGETED_DEVICE_FAMILY = "1,2";
				TEST_TARGET_NAME = TJJupiterVMDemo;
			};
			name = Debug;
		};
		B34313DC2FA346AE0059A6E9 /* Release */ = {
			isa = XCBuildConfiguration;
			buildSettings = {
				CODE_SIGN_STYLE = Automatic;
				CURRENT_PROJECT_VERSION = 1;
				DEVELOPMENT_TEAM = G75UAV755N;
				GENERATE_INFOPLIST_FILE = YES;
				MARKETING_VERSION = 1.0;
				PRODUCT_BUNDLE_IDENTIFIER = com.tjlabscorp.ios.TJJupiterVMDemoUITests;
				PRODUCT_NAME = "$(TARGET_NAME)";
				STRING_CATALOG_GENERATE_SYMBOLS = NO;
				SWIFT_APPROACHABLE_CONCURRENCY = YES;
				SWIFT_EMIT_LOC_STRINGS = NO;
				SWIFT_UPCOMING_FEATURE_MEMBER_IMPORT_VISIBILITY = YES;
				SWIFT_VERSION = 5.0;
				TARGETED_DEVICE_FAMILY = "1,2";
				TEST_TARGET_NAME = TJJupiterVMDemo;
			};
			name = Release;
		};
/* End XCBuildConfiguration section */

/* Begin XCConfigurationList section */
		B34313A42FA346AC0059A6E9 /* Build configuration list for PBXProject "TJJupiterVMDemo" */ = {
			isa = XCConfigurationList;
			buildConfigurations = (
				B34313D52FA346AE0059A6E9 /* Debug */,
				B34313D62FA346AE0059A6E9 /* Release */,
			);
			defaultConfigurationIsVisible = 0;
			defaultConfigurationName = Release;
		};
		B34313D22FA346AE0059A6E9 /* Build configuration list for PBXNativeTarget "TJJupiterVMDemo" */ = {
			isa = XCConfigurationList;
			buildConfigurations = (
				B34313D32FA346AE0059A6E9 /* Debug */,
				B34313D42FA346AE0059A6E9 /* Release */,
			);
			defaultConfigurationIsVisible = 0;
			defaultConfigurationName = Release;
		};
		B34313D72FA346AE0059A6E9 /* Build configuration list for PBXNativeTarget "TJJupiterVMDemoTests" */ = {
			isa = XCConfigurationList;
			buildConfigurations = (
				B34313D82FA346AE0059A6E9 /* Debug */,
				B34313D92FA346AE0059A6E9 /* Release */,
			);
			defaultConfigurationIsVisible = 0;
			defaultConfigurationName = Release;
		};
		B34313DA2FA346AE0059A6E9 /* Build configuration list for PBXNativeTarget "TJJupiterVMDemoUITests" */ = {
			isa = XCConfigurationList;
			buildConfigurations = (
				B34313DB2FA346AE0059A6E9 /* Debug */,
				B34313DC2FA346AE0059A6E9 /* Release */,
			);
			defaultConfigurationIsVisible = 0;
			defaultConfigurationName = Release;
		};
/* End XCConfigurationList section */
	};
	rootObject = B34313A12FA346AC0059A6E9 /* Project object */;
}
